
Microsoft Visual Studio Solution File, Format Version 12.00
# Visual Studio Version 16
VisualStudioVersion = 16.0.29806.167
MinimumVisualStudioVersion = 10.0.40219.1
Project("{9A19103F-16F7-4668-BE54-9A1E7A4F7556}") = "Fishbait2", "Fishbait2\Fishbait2.csproj", "{9261FB84-60D1-4741-8D98-01F8DB094C01}"
EndProject
Project("{9A19103F-16F7-4668-BE54-9A1E7A4F7556}") = "DAL", "ClassLibrary\DAL.csproj", "{632B2279-D3C2-41BC-A8EA-4E1C5A02C0E1}"
EndProject
Project("{9A19103F-16F7-4668-BE54-9A1E7A4F7556}") = "Logic", "Logic\Logic.csproj", "{FC92C05A-43B5-4F9F-9A70-6AD203A3E5AA}"
EndProject
Project("{9A19103F-16F7-4668-BE54-9A1E7A4F7556}") = "Interfaces", "InterfaceLogic\Interfaces.csproj", "{7A3F8F2E-A620-46F5-83CD-FF3F94E26C07}"
EndProject
Project("{FAE04EC0-301F-11D3-BF4B-00C04F79EFBC}") = "Factories", "Factories\Factories.csproj", "{B5A3E9B0-3E9B-41F4-A53C-A65E54042860}"
EndProject
Global
	GlobalSection(SolutionConfigurationPlatforms) = preSolution
		Debug|Any CPU = Debug|Any CPU
		Release|Any CPU = Release|Any CPU
	EndGlobalSection
	GlobalSection(ProjectConfigurationPlatforms) = postSolution
		{9261FB84-60D1-4741-8D98-01F8DB094C01}.Debug|Any CPU.ActiveCfg = Debug|Any CPU
		{9261FB84-60D1-4741-8D98-01F8DB094C01}.Debug|Any CPU.Build.0 = Debug|Any CPU
		{9261FB84-60D1-4741-8D98-01F8DB094C01}.Release|Any CPU.ActiveCfg = Release|Any CPU
		{9261FB84-60D1-4741-8D98-01F8DB094C01}.Release|Any CPU.Build.0 = Release|Any CPU
		{632B2279-D3C2-41BC-A8EA-4E1C5A02C0E1}.Debug|Any CPU.ActiveCfg = Debug|Any CPU
		{632B2279-D3C2-41BC-A8EA-4E1C5A02C0E1}.Debug|Any CPU.Build.0 = Debug|Any CPU
		{632B2279-D3C2-41BC-A8EA-4E1C5A02C0E1}.Release|Any CPU.ActiveCfg = Release|Any CPU
		{632B2279-D3C2-41BC-A8EA-4E1C5A02C0E1}.Release|Any CPU.Build.0 = Release|Any CPU
		{FC92C05A-43B5-4F9F-9A70-6AD203A3E5AA}.Debug|Any CPU.ActiveCfg = Debug|Any CPU
		{FC92C05A-43B5-4F9F-9A70-6AD203A3E5AA}.Debug|Any CPU.Build.0 = Debug|Any CPU
		{FC92C05A-43B5-4F9F-9A70-6AD203A3E5AA}.Release|Any CPU.ActiveCfg = Release|Any CPU
		{FC92C05A-43B5-4F9F-9A70-6AD203A3E5AA}.Release|Any CPU.Build.0 = Release|Any CPU
		{7A3F8F2E-A620-46F5-83CD-FF3F94E26C07}.Debug|Any CPU.ActiveCfg = Debug|Any CPU
		{7A3F8F2E-A620-46F5-83CD-FF3F94E26C07}.Debug|Any CPU.Build.0 = Debug|Any CPU
		{7A3F8F2E-A620-46F5-83CD-FF3F94E26C07}.Release|Any CPU.ActiveCfg = Release|Any CPU
		{7A3F8F2E-A620-46F5-83CD-FF3F94E26C07}.Release|Any CPU.Build.0 = Release|Any CPU
		{B5A3E9B0-3E9B-41F4-A53C-A65E54042860}.Debug|Any CPU.ActiveCfg = Debug|Any CPU
		{B5A3E9B0-3E9B-41F4-A53C-A65E54042860}.Debug|Any CPU.Build.0 = Debug|Any CPU
		{B5A3E9B0-3E9B-41F4-A53C-A65E54042860}.Release|Any CPU.ActiveCfg = Release|Any CPU
		{B5A3E9B0-3E9B-41F4-A53C-A65E54042860}.Release|Any CPU.Build.0 = Release|Any CPU
	EndGlobalSection
	GlobalSection(SolutionProperties) = preSolution
		HideSolutionNode = FALSE
	EndGlobalSection
	GlobalSection(ExtensibilityGlobals) = postSolution
		SolutionGuid = {9359FF1A-B6A3-4CC4-AAA9-6817A1E29B61}
	EndGlobalSection
EndGlobal
